
Microsoft Visual Studio Solution File, Format Version 12.00
# Visual Studio 15
VisualStudioVersion = 15.0.28307.1433
MinimumVisualStudioVersion = 10.0.40219.1
Project("{FAE04EC0-301F-11D3-BF4B-00C04F79EFBC}") = "AspNetCoreIdentity", "AspNetCoreIdentity\AspNetCoreIdentity.csproj", "{495EA385-1208-44F0-8542-5B3BC6C1A645}"
EndProject
Global
	GlobalSection(SolutionConfigurationPlatforms) = preSolution
		Debug|Any CPU = Debug|Any CPU
		Release|Any CPU = Release|Any CPU
	EndGlobalSection
	GlobalSection(ProjectConfigurationPlatforms) = postSolution
		{495EA385-1208-44F0-8542-5B3BC6C1A645}.Debug|Any CPU.ActiveCfg = Debug|Any CPU
		{495EA385-1208-44F0-8542-5B3BC6C1A645}.Debug|Any CPU.Build.0 = Debug|Any CPU
		{495EA385-1208-44F0-8542-5B3BC6C1A645}.Release|Any CPU.ActiveCfg = Release|Any CPU
		{495EA385-1208-44F0-8542-5B3BC6C1A645}.Release|Any CPU.Build.0 = Release|Any CPU
	EndGlobalSection
	GlobalSection(SolutionProperties) = preSolution
		HideSolutionNode = FALSE
	EndGlobalSection
	GlobalSection(ExtensibilityGlobals) = postSolution
		SolutionGuid = {7466CDE2-843F-42E9-B51F-BBF1931D8220}
	EndGlobalSection
EndGlobal
